Microsoft Visual Studio Solution File, Format Version 12.00
# Visual Studio Version 17
VisualStudioVersion = 17.5.2.0
MinimumVisualStudioVersion = 10.0.40219.1
Project("{FAE04EC0-301F-11D3-BF4B-00C04F79EFBC}") = "ToolSense.WebApp", "ToolSense.WebApp.csproj", "{5B427979-5C4F-0049-13A9-8DD239EA597E}"
EndProject
Global
	GlobalSection(SolutionConfigurationPlatforms) = preSolution
		Debug|Any CPU = Debug|Any CPU
		Release|Any CPU = Release|Any CPU
	EndGlobalSection
	GlobalSection(ProjectConfigurationPlatforms) = postSolution
		{5B427979-5C4F-0049-13A9-8DD239EA597E}.Debug|Any CPU.ActiveCfg = Debug|Any CPU
		{5B427979-5C4F-0049-13A9-8DD239EA597E}.Debug|Any CPU.Build.0 = Debug|Any CPU
		{5B427979-5C4F-0049-13A9-8DD239EA597E}.Release|Any CPU.ActiveCfg = Release|Any CPU
		{5B427979-5C4F-0049-13A9-8DD239EA597E}.Release|Any CPU.Build.0 = Release|Any CPU
	EndGlobalSection
	GlobalSection(SolutionProperties) = preSolution
		HideSolutionNode = FALSE
	EndGlobalSection
	GlobalSection(ExtensibilityGlobals) = postSolution
		SolutionGuid = {3B807BCB-B41B-40A9-93AE-16D12E1AF199}
	EndGlobalSection
EndGlobal
